
Microsoft Visual Studio Solution File, Format Version 12.00
# Visual Studio Version 17
VisualStudioVersion = 17.0.31903.59
MinimumVisualStudioVersion = 10.0.40219.1
Project("{2150E333-8FDC-42A3-9474-1A3956D46DE8}") = "src", "src", "{827E0CD3-B72D-47B6-A68D-7590B98EB39B}"
EndProject
Project("{2150E333-8FDC-42A3-9474-1A3956D46DE8}") = "BuildingBlocks", "BuildingBlocks", "{90298CBA-BD6F-3A0A-69D5-97CAD7B05E7E}"
EndProject
Project("{FAE04EC0-301F-11D3-BF4B-00C04F79EFBC}") = "SharedKernel", "src\BuildingBlocks\SharedKernel\SharedKernel.csproj", "{2025E07E-834E-4E53-8EF3-2754A9A6DEAD}"
EndProject
Project("{FAE04EC0-301F-11D3-BF4B-00C04F79EFBC}") = "Observability", "src\BuildingBlocks\Observability\Observability.csproj", "{D96F836D-34CF-47D8-B686-7CAC53D80168}"
EndProject
Project("{FAE04EC0-301F-11D3-BF4B-00C04F79EFBC}") = "Simulation.Api", "src\Simulation.Api\Simulation.Api.csproj", "{186519C6-3C22-473E-B94F-417FE097B898}"
EndProject
Project("{FAE04EC0-301F-11D3-BF4B-00C04F79EFBC}") = "CrossRiver.Adapter", "src\CrossRiver.Adapter\CrossRiver.Adapter.csproj", "{27695D4E-4765-49D7-9353-6FF9394D5F34}"
EndProject
Project("{FAE04EC0-301F-11D3-BF4B-00C04F79EFBC}") = "Projection.Engine", "src\Projection.Engine\Projection.Engine.csproj", "{A14A9768-DEA3-4180-98CC-40C3390FA975}"
EndProject
Project("{FAE04EC0-301F-11D3-BF4B-00C04F79EFBC}") = "Execution.Service", "src\Execution.Service\Execution.Service.csproj", "{295327DD-A02D-491E-9ECC-381023258ECF}"
EndProject
Project("{FAE04EC0-301F-11D3-BF4B-00C04F79EFBC}") = "Webhook.Ingest", "src\Webhook.Ingest\Webhook.Ingest.csproj", "{86C85245-C73D-4173-9D8A-E5AB728551EE}"
EndProject
Project("{FAE04EC0-301F-11D3-BF4B-00C04F79EFBC}") = "Audit.Comparison", "src\Audit.Comparison\Audit.Comparison.csproj", "{C0F508FA-EEE7-4A5A-B217-093E0FADD9D8}"
EndProject
Project("{FAE04EC0-301F-11D3-BF4B-00C04F79EFBC}") = "Simulation.Api.Tests", "tests\Simulation.Api.Tests\Simulation.Api.Tests.csproj", "{303E00A9-0E2C-4D54-8288-9F880196E97B}"
EndProject
Global
	GlobalSection(SolutionConfigurationPlatforms) = preSolution
		Debug|Any CPU = Debug|Any CPU
		Debug|x64 = Debug|x64
		Debug|x86 = Debug|x86
		Release|Any CPU = Release|Any CPU
		Release|x64 = Release|x64
		Release|x86 = Release|x86
	EndGlobalSection
	GlobalSection(ProjectConfigurationPlatforms) = postSolution
		{2025E07E-834E-4E53-8EF3-2754A9A6DEAD}.Debug|Any CPU.ActiveCfg = Debug|Any CPU
		{2025E07E-834E-4E53-8EF3-2754A9A6DEAD}.Debug|Any CPU.Build.0 = Debug|Any CPU
		{2025E07E-834E-4E53-8EF3-2754A9A6DEAD}.Debug|x64.ActiveCfg = Debug|Any CPU
		{2025E07E-834E-4E53-8EF3-2754A9A6DEAD}.Debug|x64.Build.0 = Debug|Any CPU
		{2025E07E-834E-4E53-8EF3-2754A9A6DEAD}.Debug|x86.ActiveCfg = Debug|Any CPU
		{2025E07E-834E-4E53-8EF3-2754A9A6DEAD}.Debug|x86.Build.0 = Debug|Any CPU
		{2025E07E-834E-4E53-8EF3-2754A9A6DEAD}.Release|Any CPU.ActiveCfg = Release|Any CPU
		{2025E07E-834E-4E53-8EF3-2754A9A6DEAD}.Release|Any CPU.Build.0 = Release|Any CPU
		{2025E07E-834E-4E53-8EF3-2754A9A6DEAD}.Release|x64.ActiveCfg = Release|Any CPU
		{2025E07E-834E-4E53-8EF3-2754A9A6DEAD}.Release|x64.Build.0 = Release|Any CPU
		{2025E07E-834E-4E53-8EF3-2754A9A6DEAD}.Release|x86.ActiveCfg = Release|Any CPU
		{2025E07E-834E-4E53-8EF3-2754A9A6DEAD}.Release|x86.Build.0 = Release|Any CPU
		{D96F836D-34CF-47D8-B686-7CAC53D80168}.Debug|Any CPU.ActiveCfg = Debug|Any CPU
		{D96F836D-34CF-47D8-B686-7CAC53D80168}.Debug|Any CPU.Build.0 = Debug|Any CPU
		{D96F836D-34CF-47D8-B686-7CAC53D80168}.Debug|x64.ActiveCfg = Debug|Any CPU
		{D96F836D-34CF-47D8-B686-7CAC53D80168}.Debug|x64.Build.0 = Debug|Any CPU
		{D96F836D-34CF-47D8-B686-7CAC53D80168}.Debug|x86.ActiveCfg = Debug|Any CPU
		{D96F836D-34CF-47D8-B686-7CAC53D80168}.Debug|x86.Build.0 = Debug|Any CPU
		{D96F836D-34CF-47D8-B686-7CAC53D80168}.Release|Any CPU.ActiveCfg = Release|Any CPU
		{D96F836D-34CF-47D8-B686-7CAC53D80168}.Release|Any CPU.Build.0 = Release|Any CPU
		{D96F836D-34CF-47D8-B686-7CAC53D80168}.Release|x64.ActiveCfg = Release|Any CPU
		{D96F836D-34CF-47D8-B686-7CAC53D80168}.Release|x64.Build.0 = Release|Any CPU
		{D96F836D-34CF-47D8-B686-7CAC53D80168}.Release|x86.ActiveCfg = Release|Any CPU
		{D96F836D-34CF-47D8-B686-7CAC53D80168}.Release|x86.Build.0 = Release|Any CPU
		{186519C6-3C22-473E-B94F-417FE097B898}.Debug|Any CPU.ActiveCfg = Debug|Any CPU
		{186519C6-3C22-473E-B94F-417FE097B898}.Debug|Any CPU.Build.0 = Debug|Any CPU
		{186519C6-3C22-473E-B94F-417FE097B898}.Debug|x64.ActiveCfg = Debug|Any CPU
		{186519C6-3C22-473E-B94F-417FE097B898}.Debug|x64.Build.0 = Debug|Any CPU
		{186519C6-3C22-473E-B94F-417FE097B898}.Debug|x86.ActiveCfg = Debug|Any CPU
		{186519C6-3C22-473E-B94F-417FE097B898}.Debug|x86.Build.0 = Debug|Any CPU
		{186519C6-3C22-473E-B94F-417FE097B898}.Release|Any CPU.ActiveCfg = Release|Any CPU
		{186519C6-3C22-473E-B94F-417FE097B898}.Release|Any CPU.Build.0 = Release|Any CPU
		{186519C6-3C22-473E-B94F-417FE097B898}.Release|x64.ActiveCfg = Release|Any CPU
		{186519C6-3C22-473E-B94F-417FE097B898}.Release|x64.Build.0 = Release|Any CPU
		{186519C6-3C22-473E-B94F-417FE097B898}.Release|x86.ActiveCfg = Release|Any CPU
		{186519C6-3C22-473E-B94F-417FE097B898}.Release|x86.Build.0 = Release|Any CPU
		{27695D4E-4765-49D7-9353-6FF9394D5F34}.Debug|Any CPU.ActiveCfg = Debug|Any CPU
		{27695D4E-4765-49D7-9353-6FF9394D5F34}.Debug|Any CPU.Build.0 = Debug|Any CPU
		{27695D4E-4765-49D7-9353-6FF9394D5F34}.Debug|x64.ActiveCfg = Debug|Any CPU
		{27695D4E-4765-49D7-9353-6FF9394D5F34}.Debug|x64.Build.0 = Debug|Any CPU
		{27695D4E-4765-49D7-9353-6FF9394D5F34}.Debug|x86.ActiveCfg = Debug|Any CPU
		{27695D4E-4765-49D7-9353-6FF9394D5F34}.Debug|x86.Build.0 = Debug|Any CPU
		{27695D4E-4765-49D7-9353-6FF9394D5F34}.Release|Any CPU.ActiveCfg = Release|Any CPU
		{27695D4E-4765-49D7-9353-6FF9394D5F34}.Release|Any CPU.Build.0 = Release|Any CPU
		{27695D4E-4765-49D7-9353-6FF9394D5F34}.Release|x64.ActiveCfg = Release|Any CPU
		{27695D4E-4765-49D7-9353-6FF9394D5F34}.Release|x64.Build.0 = Release|Any CPU
		{27695D4E-4765-49D7-9353-6FF9394D5F34}.Release|x86.ActiveCfg = Release|Any CPU
		{27695D4E-4765-49D7-9353-6FF9394D5F34}.Release|x86.Build.0 = Release|Any CPU
		{A14A9768-DEA3-4180-98CC-40C3390FA975}.Debug|Any CPU.ActiveCfg = Debug|Any CPU
		{A14A9768-DEA3-4180-98CC-40C3390FA975}.Debug|Any CPU.Build.0 = Debug|Any CPU
		{A14A9768-DEA3-4180-98CC-40C3390FA975}.Debug|x64.ActiveCfg = Debug|Any CPU
		{A14A9768-DEA3-4180-98CC-40C3390FA975}.Debug|x64.Build.0 = Debug|Any CPU
		{A14A9768-DEA3-4180-98CC-40C3390FA975}.Debug|x86.ActiveCfg = Debug|Any CPU
		{A14A9768-DEA3-4180-98CC-40C3390FA975}.Debug|x86.Build.0 = Debug|Any CPU
		{A14A9768-DEA3-4180-98CC-40C3390FA975}.Release|Any CPU.ActiveCfg = Release|Any CPU
		{A14A9768-DEA3-4180-98CC-40C3390FA975}.Release|Any CPU.Build.0 = Release|Any CPU
		{A14A9768-DEA3-4180-98CC-40C3390FA975}.Release|x64.ActiveCfg = Release|Any CPU
		{A14A9768-DEA3-4180-98CC-40C3390FA975}.Release|x64.Build.0 = Release|Any CPU
		{A14A9768-DEA3-4180-98CC-40C3390FA975}.Release|x86.ActiveCfg = Release|Any CPU
		{A14A9768-DEA3-4180-98CC-40C3390FA975}.Release|x86.Build.0 = Release|Any CPU
		{295327DD-A02D-491E-9ECC-381023258ECF}.Debug|Any CPU.ActiveCfg = Debug|Any CPU
		{295327DD-A02D-491E-9ECC-381023258ECF}.Debug|Any CPU.Build.0 = Debug|Any CPU
		{295327DD-A02D-491E-9ECC-381023258ECF}.Debug|x64.ActiveCfg = Debug|Any CPU
		{295327DD-A02D-491E-9ECC-381023258ECF}.Debug|x64.Build.0 = Debug|Any CPU
		{295327DD-A02D-491E-9ECC-381023258ECF}.Debug|x86.ActiveCfg = Debug|Any CPU
		{295327DD-A02D-491E-9ECC-381023258ECF}.Debug|x86.Build.0 = Debug|Any CPU
		{295327DD-A02D-491E-9ECC-381023258ECF}.Release|Any CPU.ActiveCfg = Release|Any CPU
		{295327DD-A02D-491E-9ECC-381023258ECF}.Release|Any CPU.Build.0 = Release|Any CPU
		{295327DD-A02D-491E-9ECC-381023258ECF}.Release|x64.ActiveCfg = Release|Any CPU
		{295327DD-A02D-491E-9ECC-381023258ECF}.Release|x64.Build.0 = Release|Any CPU
		{295327DD-A02D-491E-9ECC-381023258ECF}.Release|x86.ActiveCfg = Release|Any CPU
		{295327DD-A02D-491E-9ECC-381023258ECF}.Release|x86.Build.0 = Release|Any CPU
		{86C85245-C73D-4173-9D8A-E5AB728551EE}.Debug|Any CPU.ActiveCfg = Debug|Any CPU
		{86C85245-C73D-4173-9D8A-E5AB728551EE}.Debug|Any CPU.Build.0 = Debug|Any CPU
		{86C85245-C73D-4173-9D8A-E5AB728551EE}.Debug|x64.ActiveCfg = Debug|Any CPU
		{86C85245-C73D-4173-9D8A-E5AB728551EE}.Debug|x64.Build.0 = Debug|Any CPU
		{86C85245-C73D-4173-9D8A-E5AB728551EE}.Debug|x86.ActiveCfg = Debug|Any CPU
		{86C85245-C73D-4173-9D8A-E5AB728551EE}.Debug|x86.Build.0 = Debug|Any CPU
		{86C85245-C73D-4173-9D8A-E5AB728551EE}.Release|Any CPU.ActiveCfg = Release|Any CPU
		{86C85245-C73D-4173-9D8A-E5AB728551EE}.Release|Any CPU.Build.0 = Release|Any CPU
		{86C85245-C73D-4173-9D8A-E5AB728551EE}.Release|x64.ActiveCfg = Release|Any CPU
		{86C85245-C73D-4173-9D8A-E5AB728551EE}.Release|x64.Build.0 = Release|Any CPU
		{86C85245-C73D-4173-9D8A-E5AB728551EE}.Release|x86.ActiveCfg = Release|Any CPU
		{86C85245-C73D-4173-9D8A-E5AB728551EE}.Release|x86.Build.0 = Release|Any CPU
		{C0F508FA-EEE7-4A5A-B217-093E0FADD9D8}.Debug|Any CPU.ActiveCfg = Debug|Any CPU
		{C0F508FA-EEE7-4A5A-B217-093E0FADD9D8}.Debug|Any CPU.Build.0 = Debug|Any CPU
		{C0F508FA-EEE7-4A5A-B217-093E0FADD9D8}.Debug|x64.ActiveCfg = Debug|Any CPU
		{C0F508FA-EEE7-4A5A-B217-093E0FADD9D8}.Debug|x64.Build.0 = Debug|Any CPU
		{C0F508FA-EEE7-4A5A-B217-093E0FADD9D8}.Debug|x86.ActiveCfg = Debug|Any CPU
		{C0F508FA-EEE7-4A5A-B217-093E0FADD9D8}.Debug|x86.Build.0 = Debug|Any CPU
		{C0F508FA-EEE7-4A5A-B217-093E0FADD9D8}.Release|Any CPU.ActiveCfg = Release|Any CPU
		{C0F508FA-EEE7-4A5A-B217-093E0FADD9D8}.Release|Any CPU.Build.0 = Release|Any CPU
		{C0F508FA-EEE7-4A5A-B217-093E0FADD9D8}.Release|x64.ActiveCfg = Release|Any CPU
		{C0F508FA-EEE7-4A5A-B217-093E0FADD9D8}.Release|x64.Build.0 = Release|Any CPU
		{C0F508FA-EEE7-4A5A-B217-093E0FADD9D8}.Release|x86.ActiveCfg = Release|Any CPU
		{C0F508FA-EEE7-4A5A-B217-093E0FADD9D8}.Release|x86.Build.0 = Release|Any CPU
		{303E00A9-0E2C-4D54-8288-9F880196E97B}.Debug|Any CPU.ActiveCfg = Debug|Any CPU
		{303E00A9-0E2C-4D54-8288-9F880196E97B}.Debug|Any CPU.Build.0 = Debug|Any CPU
		{303E00A9-0E2C-4D54-8288-9F880196E97B}.Debug|x64.ActiveCfg = Debug|Any CPU
		{303E00A9-0E2C-4D54-8288-9F880196E97B}.Debug|x64.Build.0 = Debug|Any CPU
		{303E00A9-0E2C-4D54-8288-9F880196E97B}.Debug|x86.ActiveCfg = Debug|Any CPU
		{303E00A9-0E2C-4D54-8288-9F880196E97B}.Debug|x86.Build.0 = Debug|Any CPU
		{303E00A9-0E2C-4D54-8288-9F880196E97B}.Release|Any CPU.ActiveCfg = Release|Any CPU
		{303E00A9-0E2C-4D54-8288-9F880196E97B}.Release|Any CPU.Build.0 = Release|Any CPU
		{303E00A9-0E2C-4D54-8288-9F880196E97B}.Release|x64.ActiveCfg = Release|Any CPU
		{303E00A9-0E2C-4D54-8288-9F880196E97B}.Release|x64.Build.0 = Release|Any CPU
		{303E00A9-0E2C-4D54-8288-9F880196E97B}.Release|x86.ActiveCfg = Release|Any CPU
		{303E00A9-0E2C-4D54-8288-9F880196E97B}.Release|x86.Build.0 = Release|Any CPU
	EndGlobalSection
	GlobalSection(SolutionProperties) = preSolution
		HideSolutionNode = FALSE
	EndGlobalSection
	GlobalSection(NestedProjects) = preSolution
		{90298CBA-BD6F-3A0A-69D5-97CAD7B05E7E} = {827E0CD3-B72D-47B6-A68D-7590B98EB39B}
		{2025E07E-834E-4E53-8EF3-2754A9A6DEAD} = {90298CBA-BD6F-3A0A-69D5-97CAD7B05E7E}
		{D96F836D-34CF-47D8-B686-7CAC53D80168} = {90298CBA-BD6F-3A0A-69D5-97CAD7B05E7E}
		{186519C6-3C22-473E-B94F-417FE097B898} = {90298CBA-BD6F-3A0A-69D5-97CAD7B05E7E}
		{27695D4E-4765-49D7-9353-6FF9394D5F34} = {90298CBA-BD6F-3A0A-69D5-97CAD7B05E7E}
		{A14A9768-DEA3-4180-98CC-40C3390FA975} = {90298CBA-BD6F-3A0A-69D5-97CAD7B05E7E}
		{295327DD-A02D-491E-9ECC-381023258ECF} = {90298CBA-BD6F-3A0A-69D5-97CAD7B05E7E}
		{86C85245-C73D-4173-9D8A-E5AB728551EE} = {90298CBA-BD6F-3A0A-69D5-97CAD7B05E7E}
		{C0F508FA-EEE7-4A5A-B217-093E0FADD9D8} = {90298CBA-BD6F-3A0A-69D5-97CAD7B05E7E}
		{303E00A9-0E2C-4D54-8288-9F880196E97B} = {90298CBA-BD6F-3A0A-69D5-97CAD7B05E7E}
	EndGlobalSection
EndGlobal
